
Microsoft Visual Studio Solution File, Format Version 12.00
# Visual Studio Version 17
VisualStudioVersion = 17.7.34031.279
MinimumVisualStudioVersion = 10.0.40219.1
Project("{FAE04EC0-301F-11D3-BF4B-00C04F79EFBC}") = "laba3", "laba3\laba3.csproj", "{57DD41A7-622A-43B7-9712-B01E8E66A593}"
EndProject
Global
	GlobalSection(SolutionConfigurationPlatforms) = preSolution
		Debug|Any CPU = Debug|Any CPU
		Release|Any CPU = Release|Any CPU
	EndGlobalSection
	GlobalSection(ProjectConfigurationPlatforms) = postSolution
		{57DD41A7-622A-43B7-9712-B01E8E66A593}.Debug|Any CPU.ActiveCfg = Debug|Any CPU
		{57DD41A7-622A-43B7-9712-B01E8E66A593}.Debug|Any CPU.Build.0 = Debug|Any CPU
		{57DD41A7-622A-43B7-9712-B01E8E66A593}.Release|Any CPU.ActiveCfg = Release|Any CPU
		{57DD41A7-622A-43B7-9712-B01E8E66A593}.Release|Any CPU.Build.0 = Release|Any CPU
	EndGlobalSection
	GlobalSection(SolutionProperties) = preSolution
		HideSolutionNode = FALSE
	EndGlobalSection
	GlobalSection(ExtensibilityGlobals) = postSolution
		SolutionGuid = {E824A835-783C-4410-8D4B-C4E441517561}
	EndGlobalSection
EndGlobal
